
Microsoft Visual Studio Solution File, Format Version 11.00
# Visual Studio 2010
Project("{8BC9CEB8-8B4A-11D0-8D11-00A0C91BC942}") = "RedisCommander", "RedisCommander.vcxproj", "{1FE60ED2-D084-4DD2-8722-12B960953302}"
EndProject
Project("{8BC9CEB8-8B4A-11D0-8D11-00A0C91BC942}") = "hiredis", "..\hiredis-master\win\hiredis.vcxproj", "{62FE2454-AB35-4A57-9FA3-51892029221E}"
EndProject
Project("{8BC9CEB8-8B4A-11D0-8D11-00A0C91BC942}") = "NxNetwork", "..\NxNetwork\NxNetwork.vcxproj", "{A8FF075E-B19D-4AC3-94AC-A727821C42D5}"
EndProject
Global
	GlobalSection(SolutionConfigurationPlatforms) = preSolution
		Debug|Win32 = Debug|Win32
		Debug|x64 = Debug|x64
		Release|Win32 = Release|Win32
		Release|x64 = Release|x64
	EndGlobalSection
	GlobalSection(ProjectConfigurationPlatforms) = postSolution
		{1FE60ED2-D084-4DD2-8722-12B960953302}.Debug|Win32.ActiveCfg = Debug|Win32
		{1FE60ED2-D084-4DD2-8722-12B960953302}.Debug|Win32.Build.0 = Debug|Win32
		{1FE60ED2-D084-4DD2-8722-12B960953302}.Debug|x64.ActiveCfg = Debug|Win32
		{1FE60ED2-D084-4DD2-8722-12B960953302}.Release|Win32.ActiveCfg = Release|Win32
		{1FE60ED2-D084-4DD2-8722-12B960953302}.Release|Win32.Build.0 = Release|Win32
		{1FE60ED2-D084-4DD2-8722-12B960953302}.Release|x64.ActiveCfg = Release|Win32
		{62FE2454-AB35-4A57-9FA3-51892029221E}.Debug|Win32.ActiveCfg = Debug|Win32
		{62FE2454-AB35-4A57-9FA3-51892029221E}.Debug|Win32.Build.0 = Debug|Win32
		{62FE2454-AB35-4A57-9FA3-51892029221E}.Debug|x64.ActiveCfg = Debug|x64
		{62FE2454-AB35-4A57-9FA3-51892029221E}.Debug|x64.Build.0 = Debug|x64
		{62FE2454-AB35-4A57-9FA3-51892029221E}.Release|Win32.ActiveCfg = Release|Win32
		{62FE2454-AB35-4A57-9FA3-51892029221E}.Release|Win32.Build.0 = Release|Win32
		{62FE2454-AB35-4A57-9FA3-51892029221E}.Release|x64.ActiveCfg = Release|x64
		{62FE2454-AB35-4A57-9FA3-51892029221E}.Release|x64.Build.0 = Release|x64
		{A8FF075E-B19D-4AC3-94AC-A727821C42D5}.Debug|Win32.ActiveCfg = Debug|Win32
		{A8FF075E-B19D-4AC3-94AC-A727821C42D5}.Debug|Win32.Build.0 = Debug|Win32
		{A8FF075E-B19D-4AC3-94AC-A727821C42D5}.Debug|x64.ActiveCfg = Debug|x64
		{A8FF075E-B19D-4AC3-94AC-A727821C42D5}.Debug|x64.Build.0 = Debug|x64
		{A8FF075E-B19D-4AC3-94AC-A727821C42D5}.Release|Win32.ActiveCfg = Release|Win32
		{A8FF075E-B19D-4AC3-94AC-A727821C42D5}.Release|Win32.Build.0 = Release|Win32
		{A8FF075E-B19D-4AC3-94AC-A727821C42D5}.Release|x64.ActiveCfg = Release|x64
		{A8FF075E-B19D-4AC3-94AC-A727821C42D5}.Release|x64.Build.0 = Release|x64
	EndGlobalSection
	GlobalSection(SolutionProperties) = preSolution
		HideSolutionNode = FALSE
	EndGlobalSection
EndGlobal
